// !$*UTF8*$!
{
	archiveVersion = 1;
	classes = {
	};
	objectVersion = 50;
	objects = {

/* Begin PBXBuildFile section */
		2305201124E7257100BF7DC8 /* DashBoardViewController.swift in Sources */ = {isa = PBXBuildFile; fileRef = 2305201024E7257100BF7DC8 /* DashBoardViewController.swift */; };
		2305201324E7257E00BF7DC8 /* ShortCutsViewController.swift in Sources */ = {isa = PBXBuildFile; fileRef = 2305201224E7257E00BF7DC8 /* ShortCutsViewController.swift */; };
		2305201524E7258B00BF7DC8 /* OverViewViewController.swift in Sources */ = {isa = PBXBuildFile; fileRef = 2305201424E7258B00BF7DC8 /* OverViewViewController.swift */; };
		236F2F9B2520B582006E74AB /* SideBarTableViewCell.swift in Sources */ = {isa = PBXBuildFile; fileRef = 236F2F992520B582006E74AB /* SideBarTableViewCell.swift */; };
		236F2F9C2520B582006E74AB /* SideBarTableViewCell.xib in Resources */ = {isa = PBXBuildFile; fileRef = 236F2F9A2520B582006E74AB /* SideBarTableViewCell.xib */; };
		23D1849D24E0A38800247E73 /* AppDelegate.swift in Sources */ = {isa = PBXBuildFile; fileRef = 23D1849C24E0A38800247E73 /* AppDelegate.swift */; };
		23D1849F24E0A38800247E73 /* SceneDelegate.swift in Sources */ = {isa = PBXBuildFile; fileRef = 23D1849E24E0A38800247E73 /* SceneDelegate.swift */; };
		23D184A124E0A38800247E73 /* ViewController.swift in Sources */ = {isa = PBXBuildFile; fileRef = 23D184A024E0A38800247E73 /* ViewController.swift */; };
		23D184A424E0A38800247E73 /* Main.storyboard in Resources */ = {isa = PBXBuildFile; fileRef = 23D184A224E0A38800247E73 /* Main.storyboard */; };
		23D184A624E0A38800247E73 /* Assets.xcassets in Resources */ = {isa = PBXBuildFile; fileRef = 23D184A524E0A38800247E73 /* Assets.xcassets */; };
		23D184A924E0A38800247E73 /* LaunchScreen.storyboard in Resources */ = {isa = PBXBuildFile; fileRef = 23D184A724E0A38800247E73 /* LaunchScreen.storyboard */; };
/* End PBXBuildFile section */

/* Begin PBXFileReference section */
		2305201024E7257100BF7DC8 /* DashBoardViewController.swift */ = {isa = PBXFileReference; lastKnownFileType = sourcecode.swift; path = DashBoardViewController.swift; sourceTree = "<group>"; };
		2305201224E7257E00BF7DC8 /* ShortCutsViewController.swift */ = {isa = PBXFileReference; lastKnownFileType = sourcecode.swift; path = ShortCutsViewController.swift; sourceTree = "<group>"; };
		2305201424E7258B00BF7DC8 /* OverViewViewController.swift */ = {isa = PBXFileReference; lastKnownFileType = sourcecode.swift; path = OverViewViewController.swift; sourceTree = "<group>"; };
		236F2F992520B582006E74AB /* SideBarTableViewCell.swift */ = {isa = PBXFileReference; lastKnownFileType = sourcecode.swift; path = SideBarTableViewCell.swift; sourceTree = "<group>"; };
		236F2F9A2520B582006E74AB /* SideBarTableViewCell.xib */ = {isa = PBXFileReference; lastKnownFileType = file.xib; path = SideBarTableViewCell.xib; sourceTree = "<group>"; };
		23D1849924E0A38800247E73 /* SideBarViewYT.app */ = {isa = PBXFileReference; explicitFileType = wrapper.application; includeInIndex = 0; path = SideBarViewYT.app; sourceTree = BUILT_PRODUCTS_DIR; };
		23D1849C24E0A38800247E73 /* AppDelegate.swift */ = {isa = PBXFileReference; lastKnownFileType = sourcecode.swift; path = AppDelegate.swift; sourceTree = "<group>"; };
		23D1849E24E0A38800247E73 /* SceneDelegate.swift */ = {isa = PBXFileReference; lastKnownFileType = sourcecode.swift; path = SceneDelegate.swift; sourceTree = "<group>"; };
		23D184A024E0A38800247E73 /* ViewController.swift */ = {isa = PBXFileReference; lastKnownFileType = sourcecode.swift; path = ViewController.swift; sourceTree = "<group>"; };
		23D184A324E0A38800247E73 /* Base */ = {isa = PBXFileReference; lastKnownFileType = file.storyboard; name = Base; path = Base.lproj/Main.storyboard; sourceTree = "<group>"; };
		23D184A524E0A38800247E73 /* Assets.xcassets */ = {isa = PBXFileReference; lastKnownFileType = folder.assetcatalog; path = Assets.xcassets; sourceTree = "<group>"; };
		23D184A824E0A38800247E73 /* Base */ = {isa = PBXFileReference; lastKnownFileType = file.storyboard; name = Base; path = Base.lproj/LaunchScreen.storyboard; sourceTree = "<group>"; };
		23D184AA24E0A38800247E73 /* Info.plist */ = {isa = PBXFileReference; lastKnownFileType = text.plist.xml; path = Info.plist; sourceTree = "<group>"; };
/* End PBXFileReference section */

/* Begin PBXFrameworksBuildPhase section */
		23D1849624E0A38800247E73 /* Frameworks */ = {
			isa = PBXFrameworksBuildPhase;
			buildActionMask = 2147483647;
			files = (
			);
			runOnlyForDeploymentPostprocessing = 0;
		};
/* End PBXFrameworksBuildPhase section */

/* Begin PBXGroup section */
		23D1849024E0A38800247E73 = {
			isa = PBXGroup;
			children = (
				23D1849B24E0A38800247E73 /* SideBarViewYT */,
				23D1849A24E0A38800247E73 /* Products */,
			);
			sourceTree = "<group>";
		};
		23D1849A24E0A38800247E73 /* Products */ = {
			isa = PBXGroup;
			children = (
				23D1849924E0A38800247E73 /* SideBarViewYT.app */,
			);
			name = Products;
			sourceTree = "<group>";
		};
		23D1849B24E0A38800247E73 /* SideBarViewYT */ = {
			isa = PBXGroup;
			children = (
				23D1849C24E0A38800247E73 /* AppDelegate.swift */,
				23D1849E24E0A38800247E73 /* SceneDelegate.swift */,
				23D184A024E0A38800247E73 /* ViewController.swift */,
				236F2F992520B582006E74AB /* SideBarTableViewCell.swift */,
				236F2F9A2520B582006E74AB /* SideBarTableViewCell.xib */,
				2305201024E7257100BF7DC8 /* DashBoardViewController.swift */,
				2305201224E7257E00BF7DC8 /* ShortCutsViewController.swift */,
				2305201424E7258B00BF7DC8 /* OverViewViewController.swift */,
				23D184A224E0A38800247E73 /* Main.storyboard */,
				23D184A524E0A38800247E73 /* Assets.xcassets */,
				23D184A724E0A38800247E73 /* LaunchScreen.storyboard */,
				23D184AA24E0A38800247E73 /* Info.plist */,
			);
			path = SideBarViewYT;
			sourceTree = "<group>";
		};
/* End PBXGroup section */

/* Begin PBXNativeTarget section */
		23D1849824E0A38800247E73 /* SideBarViewYT */ = {
			isa = PBXNativeTarget;
			buildConfigurationList = 23D184AD24E0A38800247E73 /* Build configuration list for PBXNativeTarget "SideBarViewYT" */;
			buildPhases = (
				23D1849524E0A38800247E73 /* Sources */,
				23D1849624E0A38800247E73 /* Frameworks */,
				23D1849724E0A38800247E73 /* Resources */,
			);
			buildRules = (
			);
			dependencies = (
			);
			name = SideBarViewYT;
			productName = SideBarViewYT;
			productReference = 23D1849924E0A38800247E73 /* SideBarViewYT.app */;
			productType = "com.apple.product-type.application";
		};
/* End PBXNativeTarget section */

/* Begin PBXProject section */
		23D1849124E0A38800247E73 /* Project object */ = {
			isa = PBXProject;
			attributes = {
				LastSwiftUpdateCheck = 1100;
				LastUpgradeCheck = 1100;
				ORGANIZATIONNAME = "Vinayak Balaji Tuptewar";
				TargetAttributes = {
					23D1849824E0A38800247E73 = {
						CreatedOnToolsVersion = 11.0;
					};
				};
			};
			buildConfigurationList = 23D1849424E0A38800247E73 /* Build configuration list for PBXProject "SideBarViewYT" */;
			compatibilityVersion = "Xcode 9.3";
			developmentRegion = en;
			hasScannedForEncodings = 0;
			knownRegions = (
				en,
				Base,
			);
			mainGroup = 23D1849024E0A38800247E73;
			productRefGroup = 23D1849A24E0A38800247E73 /* Products */;
			projectDirPath = "";
			projectRoot = "";
			targets = (
				23D1849824E0A38800247E73 /* SideBarViewYT */,
			);
		};
/* End PBXProject section */

/* Begin PBXResourcesBuildPhase section */
		23D1849724E0A38800247E73 /* Resources */ = {
			isa = PBXResourcesBuildPhase;
			buildActionMask = 2147483647;
			files = (
				23D184A924E0A38800247E73 /* LaunchScreen.storyboard in Resources */,
				23D184A624E0A38800247E73 /* Assets.xcassets in Resources */,
				236F2F9C2520B582006E74AB /* SideBarTableViewCell.xib in Resources */,
				23D184A424E0A38800247E73 /* Main.storyboard in Resources */,
			);
			runOnlyForDeploymentPostprocessing = 0;
		};
/* End PBXResourcesBuildPhase section */

/* Begin PBXSourcesBuildPhase section */
		23D1849524E0A38800247E73 /* Sources */ = {
			isa = PBXSourcesBuildPhase;
			buildActionMask = 2147483647;
			files = (
				23D184A124E0A38800247E73 /* ViewController.swift in Sources */,
				23D1849D24E0A38800247E73 /* AppDelegate.swift in Sources */,
				23D1849F24E0A38800247E73 /* SceneDelegate.swift in Sources */,
				2305201124E7257100BF7DC8 /* DashBoardViewController.swift in Sources */,
				2305201324E7257E00BF7DC8 /* ShortCutsViewController.swift in Sources */,
				236F2F9B2520B582006E74AB /* SideBarTableViewCell.swift in Sources */,
				2305201524E7258B00BF7DC8 /* OverViewViewController.swift in Sources */,
			);
			runOnlyForDeploymentPostprocessing = 0;
		};
/* End PBXSourcesBuildPhase section */

/* Begin PBXVariantGroup section */
		23D184A224E0A38800247E73 /* Main.storyboard */ = {
			isa = PBXVariantGroup;
			children = (
				23D184A324E0A38800247E73 /* Base */,
			);
			name = Main.storyboard;
			sourceTree = "<group>";
		};
		23D184A724E0A38800247E73 /* LaunchScreen.storyboard */ = {
			isa = PBXVariantGroup;
			children = (
				23D184A824E0A38800247E73 /* Base */,
			);
			name = LaunchScreen.storyboard;
			sourceTree = "<group>";
		};
/* End PBXVariantGroup section */

/* Begin XCBuildConfiguration section */
		23D184AB24E0A38800247E73 /* Debug */ = {
			isa = XCBuildConfiguration;
			buildSettings = {
				ALWAYS_SEARCH_USER_PATHS = NO;
				CLANG_ANALYZER_NONNULL = YES;
				CLANG_ANALYZER_NUMBER_OBJECT_CONVERSION = YES_AGGRESSIVE;
				CLANG_CXX_LANGUAGE_STANDARD = "gnu++14";
				CLANG_CXX_LIBRARY = "libc++";
				CLANG_ENABLE_MODULES = YES;
				CLANG_ENABLE_OBJC_ARC = YES;
				CLANG_ENABLE_OBJC_WEAK = YES;
				CLANG_WARN_BLOCK_CAPTURE_AUTORELEASING = YES;
				CLANG_WARN_BOOL_CONVERSION = YES;
				CLANG_WARN_COMMA = YES;
				CLANG_WARN_CONSTANT_CONVERSION = YES;
				CLANG_WARN_DEPRECATED_OBJC_IMPLEMENTATIONS = YES;
				CLANG_WARN_DIRECT_OBJC_ISA_USAGE = YES_ERROR;
				CLANG_WARN_DOCUMENTATION_COMMENTS = YES;
				CLANG_WARN_EMPTY_BODY = YES;
				CLANG_WARN_ENUM_CONVERSION = YES;
				CLANG_WARN_INFINITE_RECURSION = YES;
				CLANG_WARN_INT_CONVERSION = YES;
				CLANG_WARN_NON_LITERAL_NULL_CONVERSION = YES;
				CLANG_WARN_OBJC_IMPLICIT_RETAIN_SELF = YES;
				CLANG_WARN_OBJC_LITERAL_CONVERSION = YES;
				CLANG_WARN_OBJC_ROOT_CLASS = YES_ERROR;
				CLANG_WARN_RANGE_LOOP_ANALYSIS = YES;
				CLANG_WARN_STRICT_PROTOTYPES = YES;
				CLANG_WARN_SUSPICIOUS_MOVE = YES;
				CLANG_WARN_UNGUARDED_AVAILABILITY = YES_AGGRESSIVE;
				CLANG_WARN_UNREACHABLE_CODE = YES;
				CLANG_WARN__DUPLICATE_METHOD_MATCH = YES;
				COPY_PHASE_STRIP = NO;
				DEBUG_INFORMATION_FORMAT = dwarf;
				ENABLE_STRICT_OBJC_MSGSEND = YES;
				ENABLE_TESTABILITY = YES;
				GCC_C_LANGUAGE_STANDARD = gnu11;
				GCC_DYNAMIC_NO_PIC = NO;
				GCC_NO_COMMON_BLOCKS = YES;
				GCC_OPTIMIZATION_LEVEL = 0;
				GCC_PREPROCESSOR_DEFINITIONS = (
					"DEBUG=1",
					"$(inherited)",
				);
				GCC_WARN_64_TO_32_BIT_CONVERSION = YES;
				GCC_WARN_ABOUT_RETURN_TYPE = YES_ERROR;
				GCC_WARN_UNDECLARED_SELECTOR = YES;
				GCC_WARN_UNINITIALIZED_AUTOS = YES_AGGRESSIVE;
				GCC_WARN_UNUSED_FUNCTION = YES;
				GCC_WARN_UNUSED_VARIABLE = YES;
				IPHONEOS_DEPLOYMENT_TARGET = 13.0;
				MTL_ENABLE_DEBUG_INFO = INCLUDE_SOURCE;
				MTL_FAST_MATH = YES;
				ONLY_ACTIVE_ARCH = YES;
				SDKROOT = iphoneos;
				SWIFT_ACTIVE_COMPILATION_CONDITIONS = DEBUG;
				SWIFT_OPTIMIZATION_LEVEL = "-Onone";
			};
			name = Debug;
		};
		23D184AC24E0A38800247E73 /* Release */ = {
			isa = XCBuildConfiguration;
			buildSettings = {
				ALWAYS_SEARCH_USER_PATHS = NO;
				CLANG_ANALYZER_NONNULL = YES;
				CLANG_ANALYZER_NUMBER_OBJECT_CONVERSION = YES_AGGRESSIVE;
				CLANG_CXX_LANGUAGE_STANDARD = "gnu++14";
				CLANG_CXX_LIBRARY = "libc++";
				CLANG_ENABLE_MODULES = YES;
				CLANG_ENABLE_OBJC_ARC = YES;
				CLANG_ENABLE_OBJC_WEAK = YES;
				CLANG_WARN_BLOCK_CAPTURE_AUTORELEASING = YES;
				CLANG_WARN_BOOL_CONVERSION = YES;
				CLANG_WARN_COMMA = YES;
				CLANG_WARN_CONSTANT_CONVERSION = YES;
				CLANG_WARN_DEPRECATED_OBJC_IMPLEMENTATIONS = YES;
				CLANG_WARN_DIRECT_OBJC_ISA_USAGE = YES_ERROR;
				CLANG_WARN_DOCUMENTATION_COMMENTS = YES;
				CLANG_WARN_EMPTY_BODY = YES;
				CLANG_WARN_ENUM_CONVERSION = YES;
				CLANG_WARN_INFINITE_RECURSION = YES;
				CLANG_WARN_INT_CONVERSION = YES;
				CLANG_WARN_NON_LITERAL_NULL_CONVERSION = YES;
				CLANG_WARN_OBJC_IMPLICIT_RETAIN_SELF = YES;
				CLANG_WARN_OBJC_LITERAL_CONVERSION = YES;
				CLANG_WARN_OBJC_ROOT_CLASS = YES_ERROR;
				CLANG_WARN_RANGE_LOOP_ANALYSIS = YES;
				CLANG_WARN_STRICT_PROTOTYPES = YES;
				CLANG_WARN_SUSPICIOUS_MOVE = YES;
				CLANG_WARN_UNGUARDED_AVAILABILITY = YES_AGGRESSIVE;
				CLANG_WARN_UNREACHABLE_CODE = YES;
				CLANG_WARN__DUPLICATE_METHOD_MATCH = YES;
				COPY_PHASE_STRIP = NO;
				DEBUG_INFORMATION_FORMAT = "dwarf-with-dsym";
				ENABLE_NS_ASSERTIONS = NO;
				ENABLE_STRICT_OBJC_MSGSEND = YES;
				GCC_C_LANGUAGE_STANDARD = gnu11;
				GCC_NO_COMMON_BLOCKS = YES;
				GCC_WARN_64_TO_32_BIT_CONVERSION = YES;
				GCC_WARN_ABOUT_RETURN_TYPE = YES_ERROR;
				GCC_WARN_UNDECLARED_SELECTOR = YES;
				GCC_WARN_UNINITIALIZED_AUTOS = YES_AGGRESSIVE;
				GCC_WARN_UNUSED_FUNCTION = YES;
				GCC_WARN_UNUSED_VARIABLE = YES;
				IPHONEOS_DEPLOYMENT_TARGET = 13.0;
				MTL_ENABLE_DEBUG_INFO = NO;
				MTL_FAST_MATH = YES;
				SDKROOT = iphoneos;
				SWIFT_COMPILATION_MODE = wholemodule;
				SWIFT_OPTIMIZATION_LEVEL = "-O";
				VALIDATE_PRODUCT = YES;
			};
			name = Release;
		};
		23D184AE24E0A38800247E73 /* Debug */ = {
			isa = XCBuildConfiguration;
			buildSettings = {
				ASSETCATALOG_COMPILER_APPICON_NAME = AppIcon;
				CODE_SIGN_STYLE = Automatic;
				INFOPLIST_FILE = SideBarViewYT/Info.plist;
				LD_RUNPATH_SEARCH_PATHS = (
					"$(inherited)",
					"@executable_path/Frameworks",
				);
				PRODUCT_BUNDLE_IDENTIFIER = "com.tuptewar7-.SideBarViewYT";
				PRODUCT_NAME = "$(TARGET_NAME)";
				SWIFT_VERSION = 5.0;
				TARGETED_DEVICE_FAMILY = "1,2";
			};
			name = Debug;
		};
		23D184AF24E0A38800247E73 /* Release */ = {
			isa = XCBuildConfiguration;
			buildSettings = {
				ASSETCATALOG_COMPILER_APPICON_NAME = AppIcon;
				CODE_SIGN_STYLE = Automatic;
				INFOPLIST_FILE = SideBarViewYT/Info.plist;
				LD_RUNPATH_SEARCH_PATHS = (
					"$(inherited)",
					"@executable_path/Frameworks",
				);
				PRODUCT_BUNDLE_IDENTIFIER = "com.tuptewar7-.SideBarViewYT";
				PRODUCT_NAME = "$(TARGET_NAME)";
				SWIFT_VERSION = 5.0;
				TARGETED_DEVICE_FAMILY = "1,2";
			};
			name = Release;
		};
/* End XCBuildConfiguration section */

/* Begin XCConfigurationList section */
		23D1849424E0A38800247E73 /* Build configuration list for PBXProject "SideBarViewYT" */ = {
			isa = XCConfigurationList;
			buildConfigurations = (
				23D184AB24E0A38800247E73 /* Debug */,
				23D184AC24E0A38800247E73 /* Release */,
			);
			defaultConfigurationIsVisible = 0;
			defaultConfigurationName = Release;
		};
		23D184AD24E0A38800247E73 /* Build configuration list for PBXNativeTarget "SideBarViewYT" */ = {
			isa = XCConfigurationList;
			buildConfigurations = (
				23D184AE24E0A38800247E73 /* Debug */,
				23D184AF24E0A38800247E73 /* Release */,
			);
			defaultConfigurationIsVisible = 0;
			defaultConfigurationName = Release;
		};
/* End XCConfigurationList section */
	};
	rootObject = 23D1849124E0A38800247E73 /* Project object */;
}
